
Microsoft Visual Studio Solution File, Format Version 12.00
# Visual Studio Version 17
VisualStudioVersion = 17.7.34024.191
MinimumVisualStudioVersion = 10.0.40219.1
Project("{FAE04EC0-301F-11D3-BF4B-00C04F79EFBC}") = "Arrays", "Arrays\Arrays.csproj", "{CF647EAC-CA89-4741-BC20-5ED091D1F793}"
EndProject
Global
	GlobalSection(SolutionConfigurationPlatforms) = preSolution
		Debug|Any CPU = Debug|Any CPU
		Release|Any CPU = Release|Any CPU
	EndGlobalSection
	GlobalSection(ProjectConfigurationPlatforms) = postSolution
		{CF647EAC-CA89-4741-BC20-5ED091D1F793}.Debug|Any CPU.ActiveCfg = Debug|Any CPU
		{CF647EAC-CA89-4741-BC20-5ED091D1F793}.Debug|Any CPU.Build.0 = Debug|Any CPU
		{CF647EAC-CA89-4741-BC20-5ED091D1F793}.Release|Any CPU.ActiveCfg = Release|Any CPU
		{CF647EAC-CA89-4741-BC20-5ED091D1F793}.Release|Any CPU.Build.0 = Release|Any CPU
	EndGlobalSection
	GlobalSection(SolutionProperties) = preSolution
		HideSolutionNode = FALSE
	EndGlobalSection
	GlobalSection(ExtensibilityGlobals) = postSolution
		SolutionGuid = {C978BFFC-78CB-451A-BAD6-D176165B20D1}
	EndGlobalSection
EndGlobal
