
Microsoft Visual Studio Solution File, Format Version 12.00
# Visual Studio Version 17
VisualStudioVersion = 17.7.34024.191
MinimumVisualStudioVersion = 10.0.40219.1
Project("{FAE04EC0-301F-11D3-BF4B-00C04F79EFBC}") = "Expressions", "Expressions\Expressions.csproj", "{05127CB1-8126-49DC-A292-BC3B8D1A37EB}"
EndProject
Global
	GlobalSection(SolutionConfigurationPlatforms) = preSolution
		Debug|Any CPU = Debug|Any CPU
		Release|Any CPU = Release|Any CPU
	EndGlobalSection
	GlobalSection(ProjectConfigurationPlatforms) = postSolution
		{05127CB1-8126-49DC-A292-BC3B8D1A37EB}.Debug|Any CPU.ActiveCfg = Debug|Any CPU
		{05127CB1-8126-49DC-A292-BC3B8D1A37EB}.Debug|Any CPU.Build.0 = Debug|Any CPU
		{05127CB1-8126-49DC-A292-BC3B8D1A37EB}.Release|Any CPU.ActiveCfg = Release|Any CPU
		{05127CB1-8126-49DC-A292-BC3B8D1A37EB}.Release|Any CPU.Build.0 = Release|Any CPU
	EndGlobalSection
	GlobalSection(SolutionProperties) = preSolution
		HideSolutionNode = FALSE
	EndGlobalSection
	GlobalSection(ExtensibilityGlobals) = postSolution
		SolutionGuid = {3E640DDE-EF17-4A85-93F4-E0747FF392A0}
	EndGlobalSection
EndGlobal
